PODS:
  - AFNetworking (4.0.0):
    - AFNetworking/NSURLSession (= 4.0.0)
    - AFNetworking/Reachability (= 4.0.0)
    - AFNetworking/Security (= 4.0.0)
    - AFNetworking/Serialization (= 4.0.0)
    - AFNetworking/UIKit (= 4.0.0)
  - AFNetworking/NSURLSession (4.0.0):
    - AFNetworking/Reachability
    - AFNetworking/Security
    - AFNetworking/Serialization
  - AFNetworking/Reachability (4.0.0)
  - AFNetworking/Security (4.0.0)
  - AFNetworking/Serialization (4.0.0)
  - AFNetworking/UIKit (4.0.0):
    - AFNetworking/NSURLSession
  - Bugly (2.5.2)
  - DDNetworkHelper (1.0.0):
    - AFNetworking (~> 4.0.0)
    - YYCache (~> 1.0.4)
  - DZNEmptyDataSet (1.8.1)
  - IQKeyboardManager (6.5.5)
  - JXCategoryView (1.5.3)
  - KSGuaidView (0.0.5)
  - LookinServer (1.0.0)
  - Masonry (1.1.0)
  - MJRefresh (3.3.1)
  - PPBadgeView (3.1.0)
  - QMUIKit (4.1.1):
    - QMUIKit/QMUIComponents (= 4.1.1)
    - QMUIKit/QMUICore (= 4.1.1)
    - QMUIKit/QMUILog (= 4.1.1)
    - QMUIKit/QMUIMainFrame (= 4.1.1)
    - QMUIKit/QMUIWeakObjectContainer (= 4.1.1)
  - QMUIKit/QMUIComponents (4.1.1):
    - QMUIKit/QMUIComponents/NavigationBarTransition (= 4.1.1)
    - QMUIKit/QMUIComponents/QMUIAlertController (= 4.1.1)
    - QMUIKit/QMUIComponents/QMUIAnimation (= 4.1.1)
    - QMUIKit/QMUIComponents/QMUIAppearance (= 4.1.1)
    - QMUIKit/QMUIComponents/QMUIAssetLibrary (= 4.1.1)
    - QMUIKit/QMUIComponents/QMUIBadge (= 4.1.1)
    - QMUIKit/QMUIComponents/QMUIButton (= 4.1.1)
    - QMUIKit/QMUIComponents/QMUICAAnimationExtension (= 4.1.1)
    - QMUIKit/QMUIComponents/QMUICellHeightCache (= 4.1.1)
    - QMUIKit/QMUIComponents/QMUICellHeightKeyCache (= 4.1.1)
    - QMUIKit/QMUIComponents/QMUICellSizeKeyCache (= 4.1.1)
    - QMUIKit/QMUIComponents/QMUICollectionViewPagingLayout (= 4.1.1)
    - QMUIKit/QMUIComponents/QMUIConsole (= 4.1.1)
    - QMUIKit/QMUIComponents/QMUIDialogViewController (= 4.1.1)
    - QMUIKit/QMUIComponents/QMUIEmotionInputManager (= 4.1.1)
    - QMUIKit/QMUIComponents/QMUIEmotionView (= 4.1.1)
    - QMUIKit/QMUIComponents/QMUIEmptyView (= 4.1.1)
    - QMUIKit/QMUIComponents/QMUIFillButton (= 4.1.1)
    - QMUIKit/QMUIComponents/QMUIFloatLayoutView (= 4.1.1)
    - QMUIKit/QMUIComponents/QMUIGhostButton (= 4.1.1)
    - QMUIKit/QMUIComponents/QMUIGridView (= 4.1.1)
    - QMUIKit/QMUIComponents/QMUIImagePickerLibrary (= 4.1.1)
    - QMUIKit/QMUIComponents/QMUIImagePreviewView (= 4.1.1)
    - QMUIKit/QMUIComponents/QMUIKeyboardManager (= 4.1.1)
    - QMUIKit/QMUIComponents/QMUILabel (= 4.1.1)
    - QMUIKit/QMUIComponents/QMUILinkButton (= 4.1.1)
    - QMUIKit/QMUIComponents/QMUILogManagerViewController (= 4.1.1)
    - QMUIKit/QMUIComponents/QMUILogWithConfigurationSupported (= 4.1.1)
    - QMUIKit/QMUIComponents/QMUIMarqueeLabel (= 4.1.1)
    - QMUIKit/QMUIComponents/QMUIModalPresentationViewController (= 4.1.1)
    - QMUIKit/QMUIComponents/QMUIMoreOperationController (= 4.1.1)
    - QMUIKit/QMUIComponents/QMUIMultipleDelegates (= 4.1.1)
    - QMUIKit/QMUIComponents/QMUINavigationButton (= 4.1.1)
    - QMUIKit/QMUIComponents/QMUINavigationTitleView (= 4.1.1)
    - QMUIKit/QMUIComponents/QMUIOrderedDictionary (= 4.1.1)
    - QMUIKit/QMUIComponents/QMUIPieProgressView (= 4.1.1)
    - QMUIKit/QMUIComponents/QMUIPopupContainerView (= 4.1.1)
    - QMUIKit/QMUIComponents/QMUIPopupMenuView (= 4.1.1)
    - QMUIKit/QMUIComponents/QMUIScrollAnimator (= 4.1.1)
    - QMUIKit/QMUIComponents/QMUISearchBar (= 4.1.1)
    - QMUIKit/QMUIComponents/QMUISearchController (= 4.1.1)
    - QMUIKit/QMUIComponents/QMUISegmentedControl (= 4.1.1)
    - QMUIKit/QMUIComponents/QMUISlider (= 4.1.1)
    - QMUIKit/QMUIComponents/QMUIStaticTableView (= 4.1.1)
    - QMUIKit/QMUIComponents/QMUITableView (= 4.1.1)
    - QMUIKit/QMUIComponents/QMUITableViewCell (= 4.1.1)
    - QMUIKit/QMUIComponents/QMUITableViewHeaderFooterView (= 4.1.1)
    - QMUIKit/QMUIComponents/QMUITableViewProtocols (= 4.1.1)
    - QMUIKit/QMUIComponents/QMUITestView (= 4.1.1)
    - QMUIKit/QMUIComponents/QMUITextField (= 4.1.1)
    - QMUIKit/QMUIComponents/QMUITextView (= 4.1.1)
    - QMUIKit/QMUIComponents/QMUITheme (= 4.1.1)
    - QMUIKit/QMUIComponents/QMUITips (= 4.1.1)
    - QMUIKit/QMUIComponents/QMUIToastView (= 4.1.1)
    - QMUIKit/QMUIComponents/QMUIToolbarButton (= 4.1.1)
    - QMUIKit/QMUIComponents/QMUIVisualEffectView (= 4.1.1)
    - QMUIKit/QMUIComponents/QMUIWindowSizeMonitor (= 4.1.1)
    - QMUIKit/QMUIComponents/QMUIZoomImageView (= 4.1.1)
    - QMUIKit/QMUICore
  - QMUIKit/QMUIComponents/NavigationBarTransition (4.1.1):
    - QMUIKit/QMUIComponents/QMUINavigationTitleView
    - QMUIKit/QMUICore
    - QMUIKit/QMUIMainFrame
  - QMUIKit/QMUIComponents/QMUIAlertController (4.1.1):
    - QMUIKit/QMUIComponents/QMUIAppearance
    - QMUIKit/QMUIComponents/QMUIButton
    - QMUIKit/QMUIComponents/QMUIKeyboardManager
    - QMUIKit/QMUIComponents/QMUIModalPresentationViewController
    - QMUIKit/QMUIComponents/QMUITextField
    - QMUIKit/QMUICore
  - QMUIKit/QMUIComponents/QMUIAnimation (4.1.1):
    - QMUIKit/QMUICore
  - QMUIKit/QMUIComponents/QMUIAppearance (4.1.1):
    - QMUIKit/QMUICore
  - QMUIKit/QMUIComponents/QMUIAssetLibrary (4.1.1):
    - QMUIKit/QMUICore
  - QMUIKit/QMUIComponents/QMUIBadge (4.1.1):
    - QMUIKit/QMUIComponents/QMUILabel
    - QMUIKit/QMUICore
  - QMUIKit/QMUIComponents/QMUIButton (4.1.1):
    - QMUIKit/QMUICore
  - QMUIKit/QMUIComponents/QMUICAAnimationExtension (4.1.1):
    - QMUIKit/QMUIComponents/QMUIMultipleDelegates
    - QMUIKit/QMUICore
  - QMUIKit/QMUIComponents/QMUICellHeightCache (4.1.1):
    - QMUIKit/QMUIComponents/QMUITableViewProtocols
    - QMUIKit/QMUICore
  - QMUIKit/QMUIComponents/QMUICellHeightKeyCache (4.1.1):
    - QMUIKit/QMUIComponents/QMUIMultipleDelegates
    - QMUIKit/QMUIComponents/QMUITableViewProtocols
    - QMUIKit/QMUICore
  - QMUIKit/QMUIComponents/QMUICellSizeKeyCache (4.1.1):
    - QMUIKit/QMUIComponents/QMUIMultipleDelegates
    - QMUIKit/QMUICore
  - QMUIKit/QMUIComponents/QMUICollectionViewPagingLayout (4.1.1):
    - QMUIKit/QMUICore
  - QMUIKit/QMUIComponents/QMUIConsole (4.1.1):
    - QMUIKit/QMUIComponents/QMUIButton
    - QMUIKit/QMUIComponents/QMUICAAnimationExtension
    - QMUIKit/QMUIComponents/QMUIPopupMenuView
    - QMUIKit/QMUIComponents/QMUITextField
    - QMUIKit/QMUIComponents/QMUITextView
    - QMUIKit/QMUICore
  - QMUIKit/QMUIComponents/QMUIDialogViewController (4.1.1):
    - QMUIKit/QMUIComponents/QMUIAppearance
    - QMUIKit/QMUIComponents/QMUIButton
    - QMUIKit/QMUIComponents/QMUILabel
    - QMUIKit/QMUIComponents/QMUIModalPresentationViewController
    - QMUIKit/QMUIComponents/QMUINavigationTitleView
    - QMUIKit/QMUIComponents/QMUITableView
    - QMUIKit/QMUIComponents/QMUITableViewCell
    - QMUIKit/QMUIComponents/QMUITextField
    - QMUIKit/QMUICore
    - QMUIKit/QMUIMainFrame
  - QMUIKit/QMUIComponents/QMUIEmotionInputManager (4.1.1):
    - QMUIKit/QMUIComponents/QMUIEmotionView
    - QMUIKit/QMUICore
  - QMUIKit/QMUIComponents/QMUIEmotionView (4.1.1):
    - QMUIKit/QMUIComponents/QMUIButton
    - QMUIKit/QMUICore
  - QMUIKit/QMUIComponents/QMUIEmptyView (4.1.1):
    - QMUIKit/QMUIComponents/QMUIAppearance
    - QMUIKit/QMUIComponents/QMUIButton
    - QMUIKit/QMUICore
  - QMUIKit/QMUIComponents/QMUIFillButton (4.1.1):
    - QMUIKit/QMUIComponents/QMUIButton
    - QMUIKit/QMUICore
  - QMUIKit/QMUIComponents/QMUIFloatLayoutView (4.1.1):
    - QMUIKit/QMUICore
  - QMUIKit/QMUIComponents/QMUIGhostButton (4.1.1):
    - QMUIKit/QMUIComponents/QMUIButton
    - QMUIKit/QMUICore
  - QMUIKit/QMUIComponents/QMUIGridView (4.1.1):
    - QMUIKit/QMUICore
  - QMUIKit/QMUIComponents/QMUIImagePickerLibrary (4.1.1):
    - QMUIKit/QMUIComponents/QMUIAlertController
    - QMUIKit/QMUIComponents/QMUIAppearance
    - QMUIKit/QMUIComponents/QMUIAssetLibrary
    - QMUIKit/QMUIComponents/QMUIButton
    - QMUIKit/QMUIComponents/QMUIEmptyView
    - QMUIKit/QMUIComponents/QMUIImagePreviewView
    - QMUIKit/QMUIComponents/QMUINavigationButton
    - QMUIKit/QMUIComponents/QMUITableViewCell
    - QMUIKit/QMUIComponents/QMUIZoomImageView
    - QMUIKit/QMUICore
    - QMUIKit/QMUIMainFrame
  - QMUIKit/QMUIComponents/QMUIImagePreviewView (4.1.1):
    - QMUIKit/QMUIComponents/QMUIAppearance
    - QMUIKit/QMUIComponents/QMUIButton
    - QMUIKit/QMUIComponents/QMUICollectionViewPagingLayout
    - QMUIKit/QMUIComponents/QMUIEmptyView
    - QMUIKit/QMUIComponents/QMUIPieProgressView
    - QMUIKit/QMUIComponents/QMUIZoomImageView
    - QMUIKit/QMUICore
    - QMUIKit/QMUIMainFrame
  - QMUIKit/QMUIComponents/QMUIKeyboardManager (4.1.1):
    - QMUIKit/QMUICore
  - QMUIKit/QMUIComponents/QMUILabel (4.1.1):
    - QMUIKit/QMUICore
  - QMUIKit/QMUIComponents/QMUILinkButton (4.1.1):
    - QMUIKit/QMUIComponents/QMUIButton
    - QMUIKit/QMUICore
  - QMUIKit/QMUIComponents/QMUILogManagerViewController (4.1.1):
    - QMUIKit/QMUIComponents/QMUIPopupMenuView
    - QMUIKit/QMUIComponents/QMUISearchController
    - QMUIKit/QMUIComponents/QMUIStaticTableView
    - QMUIKit/QMUIComponents/QMUITableView
    - QMUIKit/QMUICore
    - QMUIKit/QMUIMainFrame
  - QMUIKit/QMUIComponents/QMUILogWithConfigurationSupported (4.1.1):
    - QMUIKit/QMUICore
  - QMUIKit/QMUIComponents/QMUIMarqueeLabel (4.1.1):
    - QMUIKit/QMUICore
  - QMUIKit/QMUIComponents/QMUIModalPresentationViewController (4.1.1):
    - QMUIKit/QMUIComponents/QMUIAppearance
    - QMUIKit/QMUIComponents/QMUIKeyboardManager
    - QMUIKit/QMUICore
  - QMUIKit/QMUIComponents/QMUIMoreOperationController (4.1.1):
    - QMUIKit/QMUIComponents/QMUIAppearance
    - QMUIKit/QMUIComponents/QMUIButton
    - QMUIKit/QMUIComponents/QMUIModalPresentationViewController
    - QMUIKit/QMUICore
  - QMUIKit/QMUIComponents/QMUIMultipleDelegates (4.1.1):
    - QMUIKit/QMUICore
  - QMUIKit/QMUIComponents/QMUINavigationButton (4.1.1):
    - QMUIKit/QMUICore
    - QMUIKit/QMUIMainFrame
  - QMUIKit/QMUIComponents/QMUINavigationTitleView (4.1.1):
    - QMUIKit/QMUIComponents/QMUIAppearance
    - QMUIKit/QMUIComponents/QMUIButton
    - QMUIKit/QMUICore
  - QMUIKit/QMUIComponents/QMUIOrderedDictionary (4.1.1):
    - QMUIKit/QMUICore
  - QMUIKit/QMUIComponents/QMUIPieProgressView (4.1.1):
    - QMUIKit/QMUICore
  - QMUIKit/QMUIComponents/QMUIPopupContainerView (4.1.1):
    - QMUIKit/QMUIComponents/QMUIAppearance
    - QMUIKit/QMUICore
    - QMUIKit/QMUIMainFrame
  - QMUIKit/QMUIComponents/QMUIPopupMenuView (4.1.1):
    - QMUIKit/QMUIComponents/QMUIButton
    - QMUIKit/QMUIComponents/QMUIPopupContainerView
    - QMUIKit/QMUICore
  - QMUIKit/QMUIComponents/QMUIScrollAnimator (4.1.1):
    - QMUIKit/QMUIComponents/QMUIMultipleDelegates
    - QMUIKit/QMUICore
  - QMUIKit/QMUIComponents/QMUISearchBar (4.1.1):
    - QMUIKit/QMUICore
  - QMUIKit/QMUIComponents/QMUISearchController (4.1.1):
    - QMUIKit/QMUIComponents/QMUIEmptyView
    - QMUIKit/QMUIComponents/QMUISearchBar
    - QMUIKit/QMUICore
    - QMUIKit/QMUIMainFrame
  - QMUIKit/QMUIComponents/QMUISegmentedControl (4.1.1):
    - QMUIKit/QMUICore
  - QMUIKit/QMUIComponents/QMUISlider (4.1.1):
    - QMUIKit/QMUICore
  - QMUIKit/QMUIComponents/QMUIStaticTableView (4.1.1):
    - QMUIKit/QMUIComponents/QMUIMultipleDelegates
    - QMUIKit/QMUIComponents/QMUITableViewCell
    - QMUIKit/QMUICore
  - QMUIKit/QMUIComponents/QMUITableView (4.1.1):
    - QMUIKit/QMUIComponents/QMUITableViewProtocols
    - QMUIKit/QMUICore
  - QMUIKit/QMUIComponents/QMUITableViewCell (4.1.1):
    - QMUIKit/QMUIComponents/QMUIButton
    - QMUIKit/QMUICore
  - QMUIKit/QMUIComponents/QMUITableViewHeaderFooterView (4.1.1):
    - QMUIKit/QMUICore
  - QMUIKit/QMUIComponents/QMUITableViewProtocols (4.1.1):
    - QMUIKit/QMUICore
  - QMUIKit/QMUIComponents/QMUITestView (4.1.1):
    - QMUIKit/QMUICore
  - QMUIKit/QMUIComponents/QMUITextField (4.1.1):
    - QMUIKit/QMUIComponents/QMUIMultipleDelegates
    - QMUIKit/QMUICore
  - QMUIKit/QMUIComponents/QMUITextView (4.1.1):
    - QMUIKit/QMUIComponents/QMUILabel
    - QMUIKit/QMUIComponents/QMUIMultipleDelegates
    - QMUIKit/QMUICore
  - QMUIKit/QMUIComponents/QMUITheme (4.1.1):
    - QMUIKit/QMUIComponents/QMUIAlertController
    - QMUIKit/QMUIComponents/QMUIButton
    - QMUIKit/QMUIComponents/QMUIConsole
    - QMUIKit/QMUIComponents/QMUIEmotionView
    - QMUIKit/QMUIComponents/QMUIEmptyView
    - QMUIKit/QMUIComponents/QMUIFillButton
    - QMUIKit/QMUIComponents/QMUIGhostButton
    - QMUIKit/QMUIComponents/QMUIGridView
    - QMUIKit/QMUIComponents/QMUIImagePickerLibrary
    - QMUIKit/QMUIComponents/QMUIImagePreviewView
    - QMUIKit/QMUIComponents/QMUILabel
    - QMUIKit/QMUIComponents/QMUILinkButton
    - QMUIKit/QMUIComponents/QMUIModalPresentationViewController
    - QMUIKit/QMUIComponents/QMUIPopupContainerView
    - QMUIKit/QMUIComponents/QMUIPopupMenuView
    - QMUIKit/QMUIComponents/QMUISlider
    - QMUIKit/QMUIComponents/QMUITextField
    - QMUIKit/QMUIComponents/QMUITextView
    - QMUIKit/QMUIComponents/QMUIToastView
    - QMUIKit/QMUIComponents/QMUIVisualEffectView
    - QMUIKit/QMUICore
  - QMUIKit/QMUIComponents/QMUITips (4.1.1):
    - QMUIKit/QMUIComponents/QMUIToastView
    - QMUIKit/QMUICore
  - QMUIKit/QMUIComponents/QMUIToastView (4.1.1):
    - QMUIKit/QMUIComponents/QMUIKeyboardManager
    - QMUIKit/QMUIComponents/QMUIVisualEffectView
    - QMUIKit/QMUICore
  - QMUIKit/QMUIComponents/QMUIToolbarButton (4.1.1):
    - QMUIKit/QMUICore
  - QMUIKit/QMUIComponents/QMUIVisualEffectView (4.1.1):
    - QMUIKit/QMUICore
  - QMUIKit/QMUIComponents/QMUIWindowSizeMonitor (4.1.1):
    - QMUIKit/QMUICore
  - QMUIKit/QMUIComponents/QMUIZoomImageView (4.1.1):
    - QMUIKit/QMUIComponents/QMUIAssetLibrary
    - QMUIKit/QMUIComponents/QMUIButton
    - QMUIKit/QMUIComponents/QMUIEmptyView
    - QMUIKit/QMUIComponents/QMUIPieProgressView
    - QMUIKit/QMUIComponents/QMUISlider
    - QMUIKit/QMUICore
  - QMUIKit/QMUICore (4.1.1):
    - QMUIKit/QMUILog
    - QMUIKit/QMUIWeakObjectContainer
  - QMUIKit/QMUILog (4.1.1)
  - QMUIKit/QMUIMainFrame (4.1.1):
    - QMUIKit/QMUIComponents/QMUIEmptyView
    - QMUIKit/QMUIComponents/QMUIKeyboardManager
    - QMUIKit/QMUIComponents/QMUIMultipleDelegates
    - QMUIKit/QMUIComponents/QMUINavigationTitleView
    - QMUIKit/QMUIComponents/QMUITableView
    - QMUIKit/QMUIComponents/QMUITableViewHeaderFooterView
    - QMUIKit/QMUICore
    - QMUIKit/QMUILog
  - QMUIKit/QMUIWeakObjectContainer (4.1.1)
  - ReactiveObjC (3.1.1)
  - SDCycleScrollView (1.80):
    - SDWebImage (>= 5.0.0)
  - SDWebImage (5.7.0):
    - SDWebImage/Core (= 5.7.0)
  - SDWebImage/Core (5.7.0)
  - SocketRocket (0.5.1)
  - TZImagePickerController (3.3.1)
  - Weibo_SDK (3.2.7)
  - YBImageBrowser (3.0.9):
    - YBImageBrowser/Core (= 3.0.9)
  - YBImageBrowser/Core (3.0.9):
    - SDWebImage (>= 5.0.0)
    - YYImage
  - YYCache (1.0.4)
  - YYCategories (1.0.4):
    - YYCategories/no-arc (= 1.0.4)
  - YYCategories/no-arc (1.0.4)
  - YYImage (1.0.4):
    - YYImage/Core (= 1.0.4)
  - YYImage/Core (1.0.4)
  - YYModel (1.0.4)
  - YYText (1.0.7)

DEPENDENCIES:
  - Bugly
  - DDNetworkHelper
  - DZNEmptyDataSet
  - IQKeyboardManager
  - JXCategoryView
  - KSGuaidView
  - LookinServer
  - Masonry
  - MJRefresh
  - PPBadgeView
  - QMUIKit
  - ReactiveObjC (~> 3.1.1)
  - SDCycleScrollView (~> 1.80)
  - SDWebImage
  - SocketRocket
  - TZImagePickerController
  - Weibo_SDK
  - YBImageBrowser (~> 3.0.8)
  - YYCategories
  - YYModel
  - YYText

SPEC REPOS:
  trunk:
    - AFNetworking
    - Bugly
    - DDNetworkHelper
    - DZNEmptyDataSet
    - IQKeyboardManager
    - JXCategoryView
    - KSGuaidView
    - LookinServer
    - Masonry
    - MJRefresh
    - PPBadgeView
    - QMUIKit
    - ReactiveObjC
    - SDCycleScrollView
    - SDWebImage
    - SocketRocket
    - TZImagePickerController
    - Weibo_SDK
    - YBImageBrowser
    - YYCache
    - YYCategories
    - YYImage
    - YYModel
    - YYText

SPEC CHECKSUMS:
  AFNetworking: d9fdf484a3c723ec3c558a41cc5754c7e845ee77
  Bugly: dbac48b55ad469a97cc4321045cd50df8f63d44f
  DDNetworkHelper: 734b4b0dea3a62379a3d4917341d4210545b985b
  DZNEmptyDataSet: 9525833b9e68ac21c30253e1d3d7076cc828eaa7
  IQKeyboardManager: 3a8b9e603f8b0eeaf5f096a1f2b2cfcf121992ef
  JXCategoryView: 64fbdf3d1bbc8087ebd0443dd3b49855000aca6e
  KSGuaidView: 8a208b7df4140db1c86a8bc1eb170f91b0aabf19
  LookinServer: 0002891cd3cec5e082a910e897dfe71b4f06b89e
  Masonry: 678fab65091a9290e40e2832a55e7ab731aad201
  MJRefresh: eeda70fbf0ad277f3178cef1cd0c3532591d6237
  PPBadgeView: b50a223638970fd0781e8753250385864b6dd2fe
  QMUIKit: 5a1a39630f404bd34824d0769ffac9531744602c
  ReactiveObjC: 011caa393aa0383245f2dcf9bf02e86b80b36040
  SDCycleScrollView: b3c9a5ed840c771c4938978174c7c9d9feefeb96
  SDWebImage: a99471f452bdfa0ca52ddf5b1adf2b61cab1d1eb
  SocketRocket: d57c7159b83c3c6655745cd15302aa24b6bae531
  TZImagePickerController: 99f03b64145a8c92c55b9b1b931410967d9be4cb
  Weibo_SDK: 5a4d08f7e1fedbb635435e4585c8c0439c7da089
  YBImageBrowser: 7ecc8bf33ffa5f3b94c397c29b4f3638dd37f527
  YYCache: 8105b6638f5e849296c71f331ff83891a4942952
  YYCategories: 6bcd4314c6661a561410dce4a793379ebd306abd
  YYImage: 1e1b62a9997399593e4b9c4ecfbbabbf1d3f3b54
  YYModel: 2a7fdd96aaa4b86a824e26d0c517de8928c04b30
  YYText: 5c461d709e24d55a182d1441c41dc639a18a4849

PODFILE CHECKSUM: 46f99a76ca6288f24e00539e2760d813a136c76c

COCOAPODS: 1.9.1
